// !$*UTF8*$!
{
	archiveVersion = 1;
	classes = {
	};
	objectVersion = 46;
	objects = {

/* Begin PBXBuildFile section */
		1874C4D31BA95240007F1498 /* Temp1Controller.m in Sources */ = {isa = PBXBuildFile; fileRef = 1874C4D11BA95240007F1498 /* Temp1Controller.m */; };
		1874C4D41BA95240007F1498 /* Temp1Controller.xib in Resources */ = {isa = PBXBuildFile; fileRef = 1874C4D21BA95240007F1498 /* Temp1Controller.xib */; };
		1874C4D81BA9524D007F1498 /* Temp2Controller.m in Sources */ = {isa = PBXBuildFile; fileRef = 1874C4D61BA9524D007F1498 /* Temp2Controller.m */; };
		1874C4D91BA9524D007F1498 /* Temp2Controller.xib in Resources */ = {isa = PBXBuildFile; fileRef = 1874C4D71BA9524D007F1498 /* Temp2Controller.xib */; };
		1874C4DD1BA9525A007F1498 /* Temp3Controller.m in Sources */ = {isa = PBXBuildFile; fileRef = 1874C4DB1BA9525A007F1498 /* Temp3Controller.m */; };
		1874C4DE1BA9525A007F1498 /* Temp3Controller.xib in Resources */ = {isa = PBXBuildFile; fileRef = 1874C4DC1BA9525A007F1498 /* Temp3Controller.xib */; };
		1874C4E21BA95265007F1498 /* Temp4Controller.m in Sources */ = {isa = PBXBuildFile; fileRef = 1874C4E01BA95265007F1498 /* Temp4Controller.m */; };
		1874C4E31BA95265007F1498 /* Temp4Controller.xib in Resources */ = {isa = PBXBuildFile; fileRef = 1874C4E11BA95265007F1498 /* Temp4Controller.xib */; };
		1874C4E71BA95274007F1498 /* Temp5Controller.m in Sources */ = {isa = PBXBuildFile; fileRef = 1874C4E51BA95274007F1498 /* Temp5Controller.m */; };
		1874C4E81BA95274007F1498 /* Temp5Controller.xib in Resources */ = {isa = PBXBuildFile; fileRef = 1874C4E61BA95274007F1498 /* Temp5Controller.xib */; };
		18AF97581BA8FA5000723449 /* FirstController.m in Sources */ = {isa = PBXBuildFile; fileRef = 18AF97571BA8FA5000723449 /* FirstController.m */; };
		18AF975B1BA8FA5D00723449 /* SecondController.m in Sources */ = {isa = PBXBuildFile; fileRef = 18AF975A1BA8FA5D00723449 /* SecondController.m */; };
		18AF975E1BA8FA6800723449 /* ThirdController.m in Sources */ = {isa = PBXBuildFile; fileRef = 18AF975D1BA8FA6800723449 /* ThirdController.m */; };
		18AF97721BA8FE3C00723449 /* 1.jpg in Resources */ = {isa = PBXBuildFile; fileRef = 18AF97681BA8FE3C00723449 /* 1.jpg */; };
		18AF97731BA8FE3C00723449 /* 2.jpg in Resources */ = {isa = PBXBuildFile; fileRef = 18AF97691BA8FE3C00723449 /* 2.jpg */; };
		18AF97741BA8FE3C00723449 /* 3.jpg in Resources */ = {isa = PBXBuildFile; fileRef = 18AF976A1BA8FE3C00723449 /* 3.jpg */; };
		18AF97751BA8FE3C00723449 /* 4.jpg in Resources */ = {isa = PBXBuildFile; fileRef = 18AF976B1BA8FE3C00723449 /* 4.jpg */; };
		18AF97761BA8FE3C00723449 /* 5.jpg in Resources */ = {isa = PBXBuildFile; fileRef = 18AF976C1BA8FE3C00723449 /* 5.jpg */; };
		18AF97771BA8FE3C00723449 /* 6.jpg in Resources */ = {isa = PBXBuildFile; fileRef = 18AF976D1BA8FE3C00723449 /* 6.jpg */; };
		18AF97781BA8FE3C00723449 /* 7.jpg in Resources */ = {isa = PBXBuildFile; fileRef = 18AF976E1BA8FE3C00723449 /* 7.jpg */; };
		18AF97791BA8FE3C00723449 /* 8.jpg in Resources */ = {isa = PBXBuildFile; fileRef = 18AF976F1BA8FE3C00723449 /* 8.jpg */; };
		18AF977A1BA8FE3C00723449 /* 9.jpg in Resources */ = {isa = PBXBuildFile; fileRef = 18AF97701BA8FE3C00723449 /* 9.jpg */; };
		18AF977B1BA8FE3C00723449 /* 10.jpg in Resources */ = {isa = PBXBuildFile; fileRef = 18AF97711BA8FE3C00723449 /* 10.jpg */; };
		18AF977F1BA9013A00723449 /* FirstCell.m in Sources */ = {isa = PBXBuildFile; fileRef = 18AF977D1BA9013A00723449 /* FirstCell.m */; };
		18AF97801BA9013A00723449 /* FirstCell.xib in Resources */ = {isa = PBXBuildFile; fileRef = 18AF977E1BA9013A00723449 /* FirstCell.xib */; };
		18AF97831BA9016100723449 /* FirstFlowLayout.m in Sources */ = {isa = PBXBuildFile; fileRef = 18AF97821BA9016100723449 /* FirstFlowLayout.m */; };
		18AF97871BA9156000723449 /* FourthController.m in Sources */ = {isa = PBXBuildFile; fileRef = 18AF97861BA9156000723449 /* FourthController.m */; };
		18AF978B1BA915A400723449 /* ImageScrollView.m in Sources */ = {isa = PBXBuildFile; fileRef = 18AF97891BA915A400723449 /* ImageScrollView.m */; };
		18AF978C1BA915A400723449 /* ImageScrollView.xib in Resources */ = {isa = PBXBuildFile; fileRef = 18AF978A1BA915A400723449 /* ImageScrollView.xib */; };
		18AF978E1BA915B800723449 /* loading.gif in Resources */ = {isa = PBXBuildFile; fileRef = 18AF978D1BA915B800723449 /* loading.gif */; };
		18AF97B21BA9164A00723449 /* MKAnnotationView+WebCache.m in Sources */ = {isa = PBXBuildFile; fileRef = 18AF97921BA9164A00723449 /* MKAnnotationView+WebCache.m */; };
		18AF97B31BA9164A00723449 /* NSData+ImageContentType.m in Sources */ = {isa = PBXBuildFile; fileRef = 18AF97941BA9164A00723449 /* NSData+ImageContentType.m */; };
		18AF97B41BA9164A00723449 /* SDImageCache.m in Sources */ = {isa = PBXBuildFile; fileRef = 18AF97961BA9164A00723449 /* SDImageCache.m */; };
		18AF97B51BA9164A00723449 /* SDWebImageCompat.m in Sources */ = {isa = PBXBuildFile; fileRef = 18AF97981BA9164A00723449 /* SDWebImageCompat.m */; };
		18AF97B61BA9164A00723449 /* SDWebImageDecoder.m in Sources */ = {isa = PBXBuildFile; fileRef = 18AF979A1BA9164A00723449 /* SDWebImageDecoder.m */; };
		18AF97B71BA9164A00723449 /* SDWebImageDownloader.m in Sources */ = {isa = PBXBuildFile; fileRef = 18AF979C1BA9164A00723449 /* SDWebImageDownloader.m */; };
		18AF97B81BA9164A00723449 /* SDWebImageDownloaderOperation.m in Sources */ = {isa = PBXBuildFile; fileRef = 18AF979E1BA9164A00723449 /* SDWebImageDownloaderOperation.m */; };
		18AF97B91BA9164A00723449 /* SDWebImageManager.m in Sources */ = {isa = PBXBuildFile; fileRef = 18AF97A01BA9164A00723449 /* SDWebImageManager.m */; };
		18AF97BA1BA9164A00723449 /* SDWebImagePrefetcher.m in Sources */ = {isa = PBXBuildFile; fileRef = 18AF97A31BA9164A00723449 /* SDWebImagePrefetcher.m */; };
		18AF97BB1BA9164A00723449 /* UIButton+WebCache.m in Sources */ = {isa = PBXBuildFile; fileRef = 18AF97A51BA9164A00723449 /* UIButton+WebCache.m */; };
		18AF97BC1BA9164A00723449 /* UIImage+GIF.m in Sources */ = {isa = PBXBuildFile; fileRef = 18AF97A71BA9164A00723449 /* UIImage+GIF.m */; };
		18AF97BD1BA9164A00723449 /* UIImage+MultiFormat.m in Sources */ = {isa = PBXBuildFile; fileRef = 18AF97A91BA9164A00723449 /* UIImage+MultiFormat.m */; };
		18AF97BE1BA9164A00723449 /* UIImage+WebP.m in Sources */ = {isa = PBXBuildFile; fileRef = 18AF97AB1BA9164A00723449 /* UIImage+WebP.m */; };
		18AF97BF1BA9164A00723449 /* UIImageView+HighlightedWebCache.m in Sources */ = {isa = PBXBuildFile; fileRef = 18AF97AD1BA9164A00723449 /* UIImageView+HighlightedWebCache.m */; };
		18AF97C01BA9164A00723449 /* UIImageView+WebCache.m in Sources */ = {isa = PBXBuildFile; fileRef = 18AF97AF1BA9164A00723449 /* UIImageView+WebCache.m */; };
		18AF97C11BA9164A00723449 /* UIView+WebCacheOperation.m in Sources */ = {isa = PBXBuildFile; fileRef = 18AF97B11BA9164A00723449 /* UIView+WebCacheOperation.m */; };
		18D152B21BA6AA9E00E0E88C /* main.m in Sources */ = {isa = PBXBuildFile; fileRef = 18D152B11BA6AA9E00E0E88C /* main.m */; };
		18D152B51BA6AA9E00E0E88C /* AppDelegate.m in Sources */ = {isa = PBXBuildFile; fileRef = 18D152B41BA6AA9E00E0E88C /* AppDelegate.m */; };
		18D152BB1BA6AA9E00E0E88C /* Main.storyboard in Resources */ = {isa = PBXBuildFile; fileRef = 18D152B91BA6AA9E00E0E88C /* Main.storyboard */; };
		18D152BD1BA6AA9E00E0E88C /* Images.xcassets in Resources */ = {isa = PBXBuildFile; fileRef = 18D152BC1BA6AA9E00E0E88C /* Images.xcassets */; };
		18D152C01BA6AA9E00E0E88C /* LaunchScreen.xib in Resources */ = {isa = PBXBuildFile; fileRef = 18D152BE1BA6AA9E00E0E88C /* LaunchScreen.xib */; };
		18D152CC1BA6AA9E00E0E88C /* PageTransitionsTests.m in Sources */ = {isa = PBXBuildFile; fileRef = 18D152CB1BA6AA9E00E0E88C /* PageTransitionsTests.m */; };
		6E079B2D1BCE7BCB00915C0D /* FiveController.m in Sources */ = {isa = PBXBuildFile; fileRef = 6E079B2C1BCE7BCB00915C0D /* FiveController.m */; settings = {ASSET_TAGS = (); }; };
		6E079B301BCE7C9200915C0D /* CircleScrollView.m in Sources */ = {isa = PBXBuildFile; fileRef = 6E079B2F1BCE7C9200915C0D /* CircleScrollView.m */; settings = {ASSET_TAGS = (); }; };
		6E079B321BCE7F2D00915C0D /* CircleScrollItem.xib in Resources */ = {isa = PBXBuildFile; fileRef = 6E079B311BCE7F2D00915C0D /* CircleScrollItem.xib */; settings = {ASSET_TAGS = (); }; };
/* End PBXBuildFile section */

/* Begin PBXContainerItemProxy section */
		18D152C61BA6AA9E00E0E88C /* PBXContainerItemProxy */ = {
			isa = PBXContainerItemProxy;
			containerPortal = 18D152A41BA6AA9E00E0E88C /* Project object */;
			proxyType = 1;
			remoteGlobalIDString = 18D152AB1BA6AA9E00E0E88C;
			remoteInfo = PageTransitions;
		};
/* End PBXContainerItemProxy section */

/* Begin PBXFileReference section */
		1874C4D01BA95240007F1498 /* Temp1Controller.h */ = {isa = PBXFileReference; fileEncoding = 4; lastKnownFileType = sourcecode.c.h; path = Temp1Controller.h; sourceTree = "<group>"; };
		1874C4D11BA95240007F1498 /* Temp1Controller.m */ = {isa = PBXFileReference; fileEncoding = 4; lastKnownFileType = sourcecode.c.objc; path = Temp1Controller.m; sourceTree = "<group>"; };
		1874C4D21BA95240007F1498 /* Temp1Controller.xib */ = {isa = PBXFileReference; fileEncoding = 4; lastKnownFileType = file.xib; path = Temp1Controller.xib; sourceTree = "<group>"; };
		1874C4D51BA9524D007F1498 /* Temp2Controller.h */ = {isa = PBXFileReference; fileEncoding = 4; lastKnownFileType = sourcecode.c.h; path = Temp2Controller.h; sourceTree = "<group>"; };
		1874C4D61BA9524D007F1498 /* Temp2Controller.m */ = {isa = PBXFileReference; fileEncoding = 4; lastKnownFileType = sourcecode.c.objc; path = Temp2Controller.m; sourceTree = "<group>"; };
		1874C4D71BA9524D007F1498 /* Temp2Controller.xib */ = {isa = PBXFileReference; fileEncoding = 4; lastKnownFileType = file.xib; path = Temp2Controller.xib; sourceTree = "<group>"; };
		1874C4DA1BA9525A007F1498 /* Temp3Controller.h */ = {isa = PBXFileReference; fileEncoding = 4; lastKnownFileType = sourcecode.c.h; path = Temp3Controller.h; sourceTree = "<group>"; };
		1874C4DB1BA9525A007F1498 /* Temp3Controller.m */ = {isa = PBXFileReference; fileEncoding = 4; lastKnownFileType = sourcecode.c.objc; path = Temp3Controller.m; sourceTree = "<group>"; };
		1874C4DC1BA9525A007F1498 /* Temp3Controller.xib */ = {isa = PBXFileReference; fileEncoding = 4; lastKnownFileType = file.xib; path = Temp3Controller.xib; sourceTree = "<group>"; };
		1874C4DF1BA95265007F1498 /* Temp4Controller.h */ = {isa = PBXFileReference; fileEncoding = 4; lastKnownFileType = sourcecode.c.h; path = Temp4Controller.h; sourceTree = "<group>"; };
		1874C4E01BA95265007F1498 /* Temp4Controller.m */ = {isa = PBXFileReference; fileEncoding = 4; lastKnownFileType = sourcecode.c.objc; path = Temp4Controller.m; sourceTree = "<group>"; };
		1874C4E11BA95265007F1498 /* Temp4Controller.xib */ = {isa = PBXFileReference; fileEncoding = 4; lastKnownFileType = file.xib; path = Temp4Controller.xib; sourceTree = "<group>"; };
		1874C4E41BA95274007F1498 /* Temp5Controller.h */ = {isa = PBXFileReference; fileEncoding = 4; lastKnownFileType = sourcecode.c.h; path = Temp5Controller.h; sourceTree = "<group>"; };
		1874C4E51BA95274007F1498 /* Temp5Controller.m */ = {isa = PBXFileReference; fileEncoding = 4; lastKnownFileType = sourcecode.c.objc; path = Temp5Controller.m; sourceTree = "<group>"; };
		1874C4E61BA95274007F1498 /* Temp5Controller.xib */ = {isa = PBXFileReference; fileEncoding = 4; lastKnownFileType = file.xib; path = Temp5Controller.xib; sourceTree = "<group>"; };
		18AF97561BA8FA5000723449 /* FirstController.h */ = {isa = PBXFileReference; fileEncoding = 4; lastKnownFileType = sourcecode.c.h; path = FirstController.h; sourceTree = "<group>"; };
		18AF97571BA8FA5000723449 /* FirstController.m */ = {isa = PBXFileReference; fileEncoding = 4; lastKnownFileType = sourcecode.c.objc; path = FirstController.m; sourceTree = "<group>"; };
		18AF97591BA8FA5D00723449 /* SecondController.h */ = {isa = PBXFileReference; fileEncoding = 4; lastKnownFileType = sourcecode.c.h; path = SecondController.h; sourceTree = "<group>"; };
		18AF975A1BA8FA5D00723449 /* SecondController.m */ = {isa = PBXFileReference; fileEncoding = 4; lastKnownFileType = sourcecode.c.objc; path = SecondController.m; sourceTree = "<group>"; };
		18AF975C1BA8FA6800723449 /* ThirdController.h */ = {isa = PBXFileReference; fileEncoding = 4; lastKnownFileType = sourcecode.c.h; path = ThirdController.h; sourceTree = "<group>"; };
		18AF975D1BA8FA6800723449 /* ThirdController.m */ = {isa = PBXFileReference; fileEncoding = 4; lastKnownFileType = sourcecode.c.objc; path = ThirdController.m; sourceTree = "<group>"; };
		18AF97681BA8FE3C00723449 /* 1.jpg */ = {isa = PBXFileReference; lastKnownFileType = image.jpeg; path = 1.jpg; sourceTree = "<group>"; };
		18AF97691BA8FE3C00723449 /* 2.jpg */ = {isa = PBXFileReference; lastKnownFileType = image.jpeg; path = 2.jpg; sourceTree = "<group>"; };
		18AF976A1BA8FE3C00723449 /* 3.jpg */ = {isa = PBXFileReference; lastKnownFileType = image.jpeg; path = 3.jpg; sourceTree = "<group>"; };
		18AF976B1BA8FE3C00723449 /* 4.jpg */ = {isa = PBXFileReference; lastKnownFileType = image.jpeg; path = 4.jpg; sourceTree = "<group>"; };
		18AF976C1BA8FE3C00723449 /* 5.jpg */ = {isa = PBXFileReference; lastKnownFileType = image.jpeg; path = 5.jpg; sourceTree = "<group>"; };
		18AF976D1BA8FE3C00723449 /* 6.jpg */ = {isa = PBXFileReference; lastKnownFileType = image.jpeg; path = 6.jpg; sourceTree = "<group>"; };
		18AF976E1BA8FE3C00723449 /* 7.jpg */ = {isa = PBXFileReference; lastKnownFileType = image.jpeg; path = 7.jpg; sourceTree = "<group>"; };
		18AF976F1BA8FE3C00723449 /* 8.jpg */ = {isa = PBXFileReference; lastKnownFileType = image.jpeg; path = 8.jpg; sourceTree = "<group>"; };
		18AF97701BA8FE3C00723449 /* 9.jpg */ = {isa = PBXFileReference; lastKnownFileType = image.jpeg; path = 9.jpg; sourceTree = "<group>"; };
		18AF97711BA8FE3C00723449 /* 10.jpg */ = {isa = PBXFileReference; lastKnownFileType = image.jpeg; path = 10.jpg; sourceTree = "<group>"; };
		18AF977C1BA9013A00723449 /* FirstCell.h */ = {isa = PBXFileReference; fileEncoding = 4; lastKnownFileType = sourcecode.c.h; path = FirstCell.h; sourceTree = "<group>"; };
		18AF977D1BA9013A00723449 /* FirstCell.m */ = {isa = PBXFileReference; fileEncoding = 4; lastKnownFileType = sourcecode.c.objc; path = FirstCell.m; sourceTree = "<group>"; };
		18AF977E1BA9013A00723449 /* FirstCell.xib */ = {isa = PBXFileReference; fileEncoding = 4; lastKnownFileType = file.xib; path = FirstCell.xib; sourceTree = "<group>"; };
		18AF97811BA9016100723449 /* FirstFlowLayout.h */ = {isa = PBXFileReference; fileEncoding = 4; lastKnownFileType = sourcecode.c.h; path = FirstFlowLayout.h; sourceTree = "<group>"; };
		18AF97821BA9016100723449 /* FirstFlowLayout.m */ = {isa = PBXFileReference; fileEncoding = 4; lastKnownFileType = sourcecode.c.objc; path = FirstFlowLayout.m; sourceTree = "<group>"; };
		18AF97851BA9156000723449 /* FourthController.h */ = {isa = PBXFileReference; fileEncoding = 4; lastKnownFileType = sourcecode.c.h; path = FourthController.h; sourceTree = "<group>"; };
		18AF97861BA9156000723449 /* FourthController.m */ = {isa = PBXFileReference; fileEncoding = 4; lastKnownFileType = sourcecode.c.objc; path = FourthController.m; sourceTree = "<group>"; };
		18AF97881BA915A400723449 /* ImageScrollView.h */ = {isa = PBXFileReference; fileEncoding = 4; lastKnownFileType = sourcecode.c.h; path = ImageScrollView.h; sourceTree = "<group>"; };
		18AF97891BA915A400723449 /* ImageScrollView.m */ = {isa = PBXFileReference; fileEncoding = 4; lastKnownFileType = sourcecode.c.objc; path = ImageScrollView.m; sourceTree = "<group>"; };
		18AF978A1BA915A400723449 /* ImageScrollView.xib */ = {isa = PBXFileReference; fileEncoding = 4; lastKnownFileType = file.xib; path = ImageScrollView.xib; sourceTree = "<group>"; };
		18AF978D1BA915B800723449 /* loading.gif */ = {isa = PBXFileReference; lastKnownFileType = image.gif; path = loading.gif; sourceTree = "<group>"; };
		18AF97911BA9164A00723449 /* MKAnnotationView+WebCache.h */ = {isa = PBXFileReference; fileEncoding = 4; lastKnownFileType = sourcecode.c.h; path = "MKAnnotationView+WebCache.h"; sourceTree = "<group>"; };
		18AF97921BA9164A00723449 /* MKAnnotationView+WebCache.m */ = {isa = PBXFileReference; fileEncoding = 4; lastKnownFileType = sourcecode.c.objc; path = "MKAnnotationView+WebCache.m"; sourceTree = "<group>"; };
		18AF97931BA9164A00723449 /* NSData+ImageContentType.h */ = {isa = PBXFileReference; fileEncoding = 4; lastKnownFileType = sourcecode.c.h; path = "NSData+ImageContentType.h"; sourceTree = "<group>"; };
		18AF97941BA9164A00723449 /* NSData+ImageContentType.m */ = {isa = PBXFileReference; fileEncoding = 4; lastKnownFileType = sourcecode.c.objc; path = "NSData+ImageContentType.m"; sourceTree = "<group>"; };
		18AF97951BA9164A00723449 /* SDImageCache.h */ = {isa = PBXFileReference; fileEncoding = 4; lastKnownFileType = sourcecode.c.h; path = SDImageCache.h; sourceTree = "<group>"; };
		18AF97961BA9164A00723449 /* SDImageCache.m */ = {isa = PBXFileReference; fileEncoding = 4; lastKnownFileType = sourcecode.c.objc; path = SDImageCache.m; sourceTree = "<group>"; };
		18AF97971BA9164A00723449 /* SDWebImageCompat.h */ = {isa = PBXFileReference; fileEncoding = 4; lastKnownFileType = sourcecode.c.h; path = SDWebImageCompat.h; sourceTree = "<group>"; };
		18AF97981BA9164A00723449 /* SDWebImageCompat.m */ = {isa = PBXFileReference; fileEncoding = 4; lastKnownFileType = sourcecode.c.objc; path = SDWebImageCompat.m; sourceTree = "<group>"; };
		18AF97991BA9164A00723449 /* SDWebImageDecoder.h */ = {isa = PBXFileReference; fileEncoding = 4; lastKnownFileType = sourcecode.c.h; path = SDWebImageDecoder.h; sourceTree = "<group>"; };
		18AF979A1BA9164A00723449 /* SDWebImageDecoder.m */ = {isa = PBXFileReference; fileEncoding = 4; lastKnownFileType = sourcecode.c.objc; path = SDWebImageDecoder.m; sourceTree = "<group>"; };
		18AF979B1BA9164A00723449 /* SDWebImageDownloader.h */ = {isa = PBXFileReference; fileEncoding = 4; lastKnownFileType = sourcecode.c.h; path = SDWebImageDownloader.h; sourceTree = "<group>"; };
		18AF979C1BA9164A00723449 /* SDWebImageDownloader.m */ = {isa = PBXFileReference; fileEncoding = 4; lastKnownFileType = sourcecode.c.objc; path = SDWebImageDownloader.m; sourceTree = "<group>"; };
		18AF979D1BA9164A00723449 /* SDWebImageDownloaderOperation.h */ = {isa = PBXFileReference; fileEncoding = 4; lastKnownFileType = sourcecode.c.h; path = SDWebImageDownloaderOperation.h; sourceTree = "<group>"; };
		18AF979E1BA9164A00723449 /* SDWebImageDownloaderOperation.m */ = {isa = PBXFileReference; fileEncoding = 4; lastKnownFileType = sourcecode.c.objc; path = SDWebImageDownloaderOperation.m; sourceTree = "<group>"; };
		18AF979F1BA9164A00723449 /* SDWebImageManager.h */ = {isa = PBXFileReference; fileEncoding = 4; lastKnownFileType = sourcecode.c.h; path = SDWebImageManager.h; sourceTree = "<group>"; };
		18AF97A01BA9164A00723449 /* SDWebImageManager.m */ = {isa = PBXFileReference; fileEncoding = 4; lastKnownFileType = sourcecode.c.objc; path = SDWebImageManager.m; sourceTree = "<group>"; };
		18AF97A11BA9164A00723449 /* SDWebImageOperation.h */ = {isa = PBXFileReference; fileEncoding = 4; lastKnownFileType = sourcecode.c.h; path = SDWebImageOperation.h; sourceTree = "<group>"; };
		18AF97A21BA9164A00723449 /* SDWebImagePrefetcher.h */ = {isa = PBXFileReference; fileEncoding = 4; lastKnownFileType = sourcecode.c.h; path = SDWebImagePrefetcher.h; sourceTree = "<group>"; };
		18AF97A31BA9164A00723449 /* SDWebImagePrefetcher.m */ = {isa = PBXFileReference; fileEncoding = 4; lastKnownFileType = sourcecode.c.objc; path = SDWebImagePrefetcher.m; sourceTree = "<group>"; };
		18AF97A41BA9164A00723449 /* UIButton+WebCache.h */ = {isa = PBXFileReference; fileEncoding = 4; lastKnownFileType = sourcecode.c.h; path = "UIButton+WebCache.h"; sourceTree = "<group>"; };
		18AF97A51BA9164A00723449 /* UIButton+WebCache.m */ = {isa = PBXFileReference; fileEncoding = 4; lastKnownFileType = sourcecode.c.objc; path = "UIButton+WebCache.m"; sourceTree = "<group>"; };
		18AF97A61BA9164A00723449 /* UIImage+GIF.h */ = {isa = PBXFileReference; fileEncoding = 4; lastKnownFileType = sourcecode.c.h; path = "UIImage+GIF.h"; sourceTree = "<group>"; };
		18AF97A71BA9164A00723449 /* UIImage+GIF.m */ = {isa = PBXFileReference; fileEncoding = 4; lastKnownFileType = sourcecode.c.objc; path = "UIImage+GIF.m"; sourceTree = "<group>"; };
		18AF97A81BA9164A00723449 /* UIImage+MultiFormat.h */ = {isa = PBXFileReference; fileEncoding = 4; lastKnownFileType = sourcecode.c.h; path = "UIImage+MultiFormat.h"; sourceTree = "<group>"; };
		18AF97A91BA9164A00723449 /* UIImage+MultiFormat.m */ = {isa = PBXFileReference; fileEncoding = 4; lastKnownFileType = sourcecode.c.objc; path = "UIImage+MultiFormat.m"; sourceTree = "<group>"; };
		18AF97AA1BA9164A00723449 /* UIImage+WebP.h */ = {isa = PBXFileReference; fileEncoding = 4; lastKnownFileType = sourcecode.c.h; path = "UIImage+WebP.h"; sourceTree = "<group>"; };
		18AF97AB1BA9164A00723449 /* UIImage+WebP.m */ = {isa = PBXFileReference; fileEncoding = 4; lastKnownFileType = sourcecode.c.objc; path = "UIImage+WebP.m"; sourceTree = "<group>"; };
		18AF97AC1BA9164A00723449 /* UIImageView+HighlightedWebCache.h */ = {isa = PBXFileReference; fileEncoding = 4; lastKnownFileType = sourcecode.c.h; path = "UIImageView+HighlightedWebCache.h"; sourceTree = "<group>"; };
		18AF97AD1BA9164A00723449 /* UIImageView+HighlightedWebCache.m */ = {isa = PBXFileReference; fileEncoding = 4; lastKnownFileType = sourcecode.c.objc; path = "UIImageView+HighlightedWebCache.m"; sourceTree = "<group>"; };
		18AF97AE1BA9164A00723449 /* UIImageView+WebCache.h */ = {isa = PBXFileReference; fileEncoding = 4; lastKnownFileType = sourcecode.c.h; path = "UIImageView+WebCache.h"; sourceTree = "<group>"; };
		18AF97AF1BA9164A00723449 /* UIImageView+WebCache.m */ = {isa = PBXFileReference; fileEncoding = 4; lastKnownFileType = sourcecode.c.objc; path = "UIImageView+WebCache.m"; sourceTree = "<group>"; };
		18AF97B01BA9164A00723449 /* UIView+WebCacheOperation.h */ = {isa = PBXFileReference; fileEncoding = 4; lastKnownFileType = sourcecode.c.h; path = "UIView+WebCacheOperation.h"; sourceTree = "<group>"; };
		18AF97B11BA9164A00723449 /* UIView+WebCacheOperation.m */ = {isa = PBXFileReference; fileEncoding = 4; lastKnownFileType = sourcecode.c.objc; path = "UIView+WebCacheOperation.m"; sourceTree = "<group>"; };
		18D152AC1BA6AA9E00E0E88C /* PageTransitions.app */ = {isa = PBXFileReference; explicitFileType = wrapper.application; includeInIndex = 0; path = PageTransitions.app; sourceTree = BUILT_PRODUCTS_DIR; };
		18D152B01BA6AA9E00E0E88C /* Info.plist */ = {isa = PBXFileReference; lastKnownFileType = text.plist.xml; path = Info.plist; sourceTree = "<group>"; };
		18D152B11BA6AA9E00E0E88C /* main.m */ = {isa = PBXFileReference; lastKnownFileType = sourcecode.c.objc; path = main.m; sourceTree = "<group>"; };
		18D152B31BA6AA9E00E0E88C /* AppDelegate.h */ = {isa = PBXFileReference; lastKnownFileType = sourcecode.c.h; path = AppDelegate.h; sourceTree = "<group>"; };
		18D152B41BA6AA9E00E0E88C /* AppDelegate.m */ = {isa = PBXFileReference; lastKnownFileType = sourcecode.c.objc; path = AppDelegate.m; sourceTree = "<group>"; };
		18D152BA1BA6AA9E00E0E88C /* Base */ = {isa = PBXFileReference; lastKnownFileType = file.storyboard; name = Base; path = Base.lproj/Main.storyboard; sourceTree = "<group>"; };
		18D152BC1BA6AA9E00E0E88C /* Images.xcassets */ = {isa = PBXFileReference; lastKnownFileType = folder.assetcatalog; path = Images.xcassets; sourceTree = "<group>"; };
		18D152BF1BA6AA9E00E0E88C /* Base */ = {isa = PBXFileReference; lastKnownFileType = file.xib; name = Base; path = Base.lproj/LaunchScreen.xib; sourceTree = "<group>"; };
		18D152C51BA6AA9E00E0E88C /* PageTransitionsTests.xctest */ = {isa = PBXFileReference; explicitFileType = wrapper.cfbundle; includeInIndex = 0; path = PageTransitionsTests.xctest; sourceTree = BUILT_PRODUCTS_DIR; };
		18D152CA1BA6AA9E00E0E88C /* Info.plist */ = {isa = PBXFileReference; lastKnownFileType = text.plist.xml; path = Info.plist; sourceTree = "<group>"; };
		18D152CB1BA6AA9E00E0E88C /* PageTransitionsTests.m */ = {isa = PBXFileReference; lastKnownFileType = sourcecode.c.objc; path = PageTransitionsTests.m; sourceTree = "<group>"; };
		6E079B2B1BCE7BCB00915C0D /* FiveController.h */ = {isa = PBXFileReference; fileEncoding = 4; lastKnownFileType = sourcecode.c.h; path = FiveController.h; sourceTree = "<group>"; };
		6E079B2C1BCE7BCB00915C0D /* FiveController.m */ = {isa = PBXFileReference; fileEncoding = 4; lastKnownFileType = sourcecode.c.objc; path = FiveController.m; sourceTree = "<group>"; };
		6E079B2E1BCE7C9200915C0D /* CircleScrollView.h */ = {isa = PBXFileReference; fileEncoding = 4; lastKnownFileType = sourcecode.c.h; path = CircleScrollView.h; sourceTree = "<group>"; };
		6E079B2F1BCE7C9200915C0D /* CircleScrollView.m */ = {isa = PBXFileReference; fileEncoding = 4; lastKnownFileType = sourcecode.c.objc; path = CircleScrollView.m; sourceTree = "<group>"; };
		6E079B311BCE7F2D00915C0D /* CircleScrollItem.xib */ = {isa = PBXFileReference; fileEncoding = 4; lastKnownFileType = file.xib; path = CircleScrollItem.xib; sourceTree = "<group>"; };
/* End PBXFileReference section */

/* Begin PBXFrameworksBuildPhase section */
		18D152A91BA6AA9E00E0E88C /* Frameworks */ = {
			isa = PBXFrameworksBuildPhase;
			buildActionMask = 2147483647;
			files = (
			);
			runOnlyForDeploymentPostprocessing = 0;
		};
		18D152C21BA6AA9E00E0E88C /* Frameworks */ = {
			isa = PBXFrameworksBuildPhase;
			buildActionMask = 2147483647;
			files = (
			);
			runOnlyForDeploymentPostprocessing = 0;
		};
/* End PBXFrameworksBuildPhase section */

/* Begin PBXGroup section */
		1874C4E91BA95279007F1498 /* TempVC */ = {
			isa = PBXGroup;
			children = (
				1874C4D01BA95240007F1498 /* Temp1Controller.h */,
				1874C4D11BA95240007F1498 /* Temp1Controller.m */,
				1874C4D21BA95240007F1498 /* Temp1Controller.xib */,
				1874C4D51BA9524D007F1498 /* Temp2Controller.h */,
				1874C4D61BA9524D007F1498 /* Temp2Controller.m */,
				1874C4D71BA9524D007F1498 /* Temp2Controller.xib */,
				1874C4DA1BA9525A007F1498 /* Temp3Controller.h */,
				1874C4DB1BA9525A007F1498 /* Temp3Controller.m */,
				1874C4DC1BA9525A007F1498 /* Temp3Controller.xib */,
				1874C4DF1BA95265007F1498 /* Temp4Controller.h */,
				1874C4E01BA95265007F1498 /* Temp4Controller.m */,
				1874C4E11BA95265007F1498 /* Temp4Controller.xib */,
				1874C4E41BA95274007F1498 /* Temp5Controller.h */,
				1874C4E51BA95274007F1498 /* Temp5Controller.m */,
				1874C4E61BA95274007F1498 /* Temp5Controller.xib */,
			);
			name = TempVC;
			sourceTree = "<group>";
		};
		18AF975F1BA8FA6E00723449 /* 左右切换(UICollectionView) */ = {
			isa = PBXGroup;
			children = (
				18AF97671BA8FE3000723449 /* images */,
				18AF97561BA8FA5000723449 /* FirstController.h */,
				18AF97571BA8FA5000723449 /* FirstController.m */,
				18AF977C1BA9013A00723449 /* FirstCell.h */,
				18AF977D1BA9013A00723449 /* FirstCell.m */,
				18AF977E1BA9013A00723449 /* FirstCell.xib */,
				18AF97811BA9016100723449 /* FirstFlowLayout.h */,
				18AF97821BA9016100723449 /* FirstFlowLayout.m */,
			);
			name = "左右切换(UICollectionView)";
			sourceTree = "<group>";
		};
		18AF97601BA8FA7500723449 /* 类似网易新闻页面切换 */ = {
			isa = PBXGroup;
			children = (
				18AF97591BA8FA5D00723449 /* SecondController.h */,
				18AF975A1BA8FA5D00723449 /* SecondController.m */,
				1874C4E91BA95279007F1498 /* TempVC */,
			);
			name = "类似网易新闻页面切换";
			sourceTree = "<group>";
		};
		18AF97611BA8FA8200723449 /* 自定义UICollectionViewLayout */ = {
			isa = PBXGroup;
			children = (
				18AF975C1BA8FA6800723449 /* ThirdController.h */,
				18AF975D1BA8FA6800723449 /* ThirdController.m */,
			);
			name = "自定义UICollectionViewLayout";
			sourceTree = "<group>";
		};
		18AF97671BA8FE3000723449 /* images */ = {
			isa = PBXGroup;
			children = (
				18AF97681BA8FE3C00723449 /* 1.jpg */,
				18AF97691BA8FE3C00723449 /* 2.jpg */,
				18AF976A1BA8FE3C00723449 /* 3.jpg */,
				18AF976B1BA8FE3C00723449 /* 4.jpg */,
				18AF976C1BA8FE3C00723449 /* 5.jpg */,
				18AF976D1BA8FE3C00723449 /* 6.jpg */,
				18AF976E1BA8FE3C00723449 /* 7.jpg */,
				18AF976F1BA8FE3C00723449 /* 8.jpg */,
				18AF97701BA8FE3C00723449 /* 9.jpg */,
				18AF97711BA8FE3C00723449 /* 10.jpg */,
			);
			name = images;
			sourceTree = "<group>";
		};
		18AF97841BA911EE00723449 /* 左右切换(UIScrollView) */ = {
			isa = PBXGroup;
			children = (
				18AF97901BA9164A00723449 /* SDWebImage */,
				18AF978F1BA915BD00723449 /* images */,
				18AF97851BA9156000723449 /* FourthController.h */,
				18AF97861BA9156000723449 /* FourthController.m */,
				18AF97881BA915A400723449 /* ImageScrollView.h */,
				18AF97891BA915A400723449 /* ImageScrollView.m */,
				18AF978A1BA915A400723449 /* ImageScrollView.xib */,
			);
			name = "左右切换(UIScrollView)";
			sourceTree = "<group>";
		};
		18AF978F1BA915BD00723449 /* images */ = {
			isa = PBXGroup;
			children = (
				18AF978D1BA915B800723449 /* loading.gif */,
			);
			name = images;
			sourceTree = "<group>";
		};
		18AF97901BA9164A00723449 /* SDWebImage */ = {
			isa = PBXGroup;
			children = (
				18AF97911BA9164A00723449 /* MKAnnotationView+WebCache.h */,
				18AF97921BA9164A00723449 /* MKAnnotationView+WebCache.m */,
				18AF97931BA9164A00723449 /* NSData+ImageContentType.h */,
				18AF97941BA9164A00723449 /* NSData+ImageContentType.m */,
				18AF97951BA9164A00723449 /* SDImageCache.h */,
				18AF97961BA9164A00723449 /* SDImageCache.m */,
				18AF97971BA9164A00723449 /* SDWebImageCompat.h */,
				18AF97981BA9164A00723449 /* SDWebImageCompat.m */,
				18AF97991BA9164A00723449 /* SDWebImageDecoder.h */,
				18AF979A1BA9164A00723449 /* SDWebImageDecoder.m */,
				18AF979B1BA9164A00723449 /* SDWebImageDownloader.h */,
				18AF979C1BA9164A00723449 /* SDWebImageDownloader.m */,
				18AF979D1BA9164A00723449 /* SDWebImageDownloaderOperation.h */,
				18AF979E1BA9164A00723449 /* SDWebImageDownloaderOperation.m */,
				18AF979F1BA9164A00723449 /* SDWebImageManager.h */,
				18AF97A01BA9164A00723449 /* SDWebImageManager.m */,
				18AF97A11BA9164A00723449 /* SDWebImageOperation.h */,
				18AF97A21BA9164A00723449 /* SDWebImagePrefetcher.h */,
				18AF97A31BA9164A00723449 /* SDWebImagePrefetcher.m */,
				18AF97A41BA9164A00723449 /* UIButton+WebCache.h */,
				18AF97A51BA9164A00723449 /* UIButton+WebCache.m */,
				18AF97A61BA9164A00723449 /* UIImage+GIF.h */,
				18AF97A71BA9164A00723449 /* UIImage+GIF.m */,
				18AF97A81BA9164A00723449 /* UIImage+MultiFormat.h */,
				18AF97A91BA9164A00723449 /* UIImage+MultiFormat.m */,
				18AF97AA1BA9164A00723449 /* UIImage+WebP.h */,
				18AF97AB1BA9164A00723449 /* UIImage+WebP.m */,
				18AF97AC1BA9164A00723449 /* UIImageView+HighlightedWebCache.h */,
				18AF97AD1BA9164A00723449 /* UIImageView+HighlightedWebCache.m */,
				18AF97AE1BA9164A00723449 /* UIImageView+WebCache.h */,
				18AF97AF1BA9164A00723449 /* UIImageView+WebCache.m */,
				18AF97B01BA9164A00723449 /* UIView+WebCacheOperation.h */,
				18AF97B11BA9164A00723449 /* UIView+WebCacheOperation.m */,
			);
			path = SDWebImage;
			sourceTree = "<group>";
		};
		18D152A31BA6AA9E00E0E88C = {
			isa = PBXGroup;
			children = (
				18D152AE1BA6AA9E00E0E88C /* PageTransitions */,
				18D152C81BA6AA9E00E0E88C /* PageTransitionsTests */,
				18D152AD1BA6AA9E00E0E88C /* Products */,
			);
			sourceTree = "<group>";
		};
		18D152AD1BA6AA9E00E0E88C /* Products */ = {
			isa = PBXGroup;
			children = (
				18D152AC1BA6AA9E00E0E88C /* PageTransitions.app */,
				18D152C51BA6AA9E00E0E88C /* PageTransitionsTests.xctest */,
			);
			name = Products;
			sourceTree = "<group>";
		};
		18D152AE1BA6AA9E00E0E88C /* PageTransitions */ = {
			isa = PBXGroup;
			children = (
				18D152B31BA6AA9E00E0E88C /* AppDelegate.h */,
				18D152B41BA6AA9E00E0E88C /* AppDelegate.m */,
				18AF975F1BA8FA6E00723449 /* 左右切换(UICollectionView) */,
				18AF97841BA911EE00723449 /* 左右切换(UIScrollView) */,
				18AF97601BA8FA7500723449 /* 类似网易新闻页面切换 */,
				18AF97611BA8FA8200723449 /* 自定义UICollectionViewLayout */,
				6E079B2A1BCE7B2700915C0D /* 循环切换 */,
				18D152B91BA6AA9E00E0E88C /* Main.storyboard */,
				18D152BC1BA6AA9E00E0E88C /* Images.xcassets */,
				18D152BE1BA6AA9E00E0E88C /* LaunchScreen.xib */,
				18D152AF1BA6AA9E00E0E88C /* Supporting Files */,
			);
			path = PageTransitions;
			sourceTree = "<group>";
		};
		18D152AF1BA6AA9E00E0E88C /* Supporting Files */ = {
			isa = PBXGroup;
			children = (
				18D152B01BA6AA9E00E0E88C /* Info.plist */,
				18D152B11BA6AA9E00E0E88C /* main.m */,
			);
			name = "Supporting Files";
			sourceTree = "<group>";
		};
		18D152C81BA6AA9E00E0E88C /* PageTransitionsTests */ = {
			isa = PBXGroup;
			children = (
				18D152CB1BA6AA9E00E0E88C /* PageTransitionsTests.m */,
				18D152C91BA6AA9E00E0E88C /* Supporting Files */,
			);
			path = PageTransitionsTests;
			sourceTree = "<group>";
		};
		18D152C91BA6AA9E00E0E88C /* Supporting Files */ = {
			isa = PBXGroup;
			children = (
				18D152CA1BA6AA9E00E0E88C /* Info.plist */,
			);
			name = "Supporting Files";
			sourceTree = "<group>";
		};
		6E079B2A1BCE7B2700915C0D /* 循环切换 */ = {
			isa = PBXGroup;
			children = (
				6E079B2B1BCE7BCB00915C0D /* FiveController.h */,
				6E079B2C1BCE7BCB00915C0D /* FiveController.m */,
				6E079B2E1BCE7C9200915C0D /* CircleScrollView.h */,
				6E079B2F1BCE7C9200915C0D /* CircleScrollView.m */,
				6E079B311BCE7F2D00915C0D /* CircleScrollItem.xib */,
			);
			name = "循环切换";
			sourceTree = "<group>";
		};
/* End PBXGroup section */

/* Begin PBXNativeTarget section */
		18D152AB1BA6AA9E00E0E88C /* PageTransitions */ = {
			isa = PBXNativeTarget;
			buildConfigurationList = 18D152CF1BA6AA9E00E0E88C /* Build configuration list for PBXNativeTarget "PageTransitions" */;
			buildPhases = (
				18D152A81BA6AA9E00E0E88C /* Sources */,
				18D152A91BA6AA9E00E0E88C /* Frameworks */,
				18D152AA1BA6AA9E00E0E88C /* Resources */,
			);
			buildRules = (
			);
			dependencies = (
			);
			name = PageTransitions;
			productName = PageTransitions;
			productReference = 18D152AC1BA6AA9E00E0E88C /* PageTransitions.app */;
			productType = "com.apple.product-type.application";
		};
		18D152C41BA6AA9E00E0E88C /* PageTransitionsTests */ = {
			isa = PBXNativeTarget;
			buildConfigurationList = 18D152D21BA6AA9E00E0E88C /* Build configuration list for PBXNativeTarget "PageTransitionsTests" */;
			buildPhases = (
				18D152C11BA6AA9E00E0E88C /* Sources */,
				18D152C21BA6AA9E00E0E88C /* Frameworks */,
				18D152C31BA6AA9E00E0E88C /* Resources */,
			);
			buildRules = (
			);
			dependencies = (
				18D152C71BA6AA9E00E0E88C /* PBXTargetDependency */,
			);
			name = PageTransitionsTests;
			productName = PageTransitionsTests;
			productReference = 18D152C51BA6AA9E00E0E88C /* PageTransitionsTests.xctest */;
			productType = "com.apple.product-type.bundle.unit-test";
		};
/* End PBXNativeTarget section */

/* Begin PBXProject section */
		18D152A41BA6AA9E00E0E88C /* Project object */ = {
			isa = PBXProject;
			attributes = {
				LastUpgradeCheck = 0640;
				ORGANIZATIONNAME = zleb;
				TargetAttributes = {
					18D152AB1BA6AA9E00E0E88C = {
						CreatedOnToolsVersion = 6.4;
					};
					18D152C41BA6AA9E00E0E88C = {
						CreatedOnToolsVersion = 6.4;
						TestTargetID = 18D152AB1BA6AA9E00E0E88C;
					};
				};
			};
			buildConfigurationList = 18D152A71BA6AA9E00E0E88C /* Build configuration list for PBXProject "PageTransitions" */;
			compatibilityVersion = "Xcode 3.2";
			developmentRegion = English;
			hasScannedForEncodings = 0;
			knownRegions = (
				en,
				Base,
			);
			mainGroup = 18D152A31BA6AA9E00E0E88C;
			productRefGroup = 18D152AD1BA6AA9E00E0E88C /* Products */;
			projectDirPath = "";
			projectRoot = "";
			targets = (
				18D152AB1BA6AA9E00E0E88C /* PageTransitions */,
				18D152C41BA6AA9E00E0E88C /* PageTransitionsTests */,
			);
		};
/* End PBXProject section */

/* Begin PBXResourcesBuildPhase section */
		18D152AA1BA6AA9E00E0E88C /* Resources */ = {
			isa = PBXResourcesBuildPhase;
			buildActionMask = 2147483647;
			files = (
				1874C4D91BA9524D007F1498 /* Temp2Controller.xib in Resources */,
				18AF977A1BA8FE3C00723449 /* 9.jpg in Resources */,
				18AF97791BA8FE3C00723449 /* 8.jpg in Resources */,
				18AF97781BA8FE3C00723449 /* 7.jpg in Resources */,
				18AF97751BA8FE3C00723449 /* 4.jpg in Resources */,
				18AF97731BA8FE3C00723449 /* 2.jpg in Resources */,
				18D152BB1BA6AA9E00E0E88C /* Main.storyboard in Resources */,
				1874C4DE1BA9525A007F1498 /* Temp3Controller.xib in Resources */,
				18AF97761BA8FE3C00723449 /* 5.jpg in Resources */,
				1874C4D41BA95240007F1498 /* Temp1Controller.xib in Resources */,
				1874C4E31BA95265007F1498 /* Temp4Controller.xib in Resources */,
				6E079B321BCE7F2D00915C0D /* CircleScrollItem.xib in Resources */,
				18AF97771BA8FE3C00723449 /* 6.jpg in Resources */,
				18AF97801BA9013A00723449 /* FirstCell.xib in Resources */,
				18AF978C1BA915A400723449 /* ImageScrollView.xib in Resources */,
				18AF977B1BA8FE3C00723449 /* 10.jpg in Resources */,
				18D152C01BA6AA9E00E0E88C /* LaunchScreen.xib in Resources */,
				18D152BD1BA6AA9E00E0E88C /* Images.xcassets in Resources */,
				18AF978E1BA915B800723449 /* loading.gif in Resources */,
				18AF97741BA8FE3C00723449 /* 3.jpg in Resources */,
				18AF97721BA8FE3C00723449 /* 1.jpg in Resources */,
				1874C4E81BA95274007F1498 /* Temp5Controller.xib in Resources */,
			);
			runOnlyForDeploymentPostprocessing = 0;
		};
		18D152C31BA6AA9E00E0E88C /* Resources */ = {
			isa = PBXResourcesBuildPhase;
			buildActionMask = 2147483647;
			files = (
			);
			runOnlyForDeploymentPostprocessing = 0;
		};
/* End PBXResourcesBuildPhase section */

/* Begin PBXSourcesBuildPhase section */
		18D152A81BA6AA9E00E0E88C /* Sources */ = {
			isa = PBXSourcesBuildPhase;
			buildActionMask = 2147483647;
			files = (
				18AF97BF1BA9164A00723449 /* UIImageView+HighlightedWebCache.m in Sources */,
				18AF97B61BA9164A00723449 /* SDWebImageDecoder.m in Sources */,
				18AF97C01BA9164A00723449 /* UIImageView+WebCache.m in Sources */,
				18D152B51BA6AA9E00E0E88C /* AppDelegate.m in Sources */,
				1874C4D81BA9524D007F1498 /* Temp2Controller.m in Sources */,
				1874C4E71BA95274007F1498 /* Temp5Controller.m in Sources */,
				18AF97B81BA9164A00723449 /* SDWebImageDownloaderOperation.m in Sources */,
				18AF97B91BA9164A00723449 /* SDWebImageManager.m in Sources */,
				18AF97871BA9156000723449 /* FourthController.m in Sources */,
				6E079B301BCE7C9200915C0D /* CircleScrollView.m in Sources */,
				18AF975B1BA8FA5D00723449 /* SecondController.m in Sources */,
				18AF97B71BA9164A00723449 /* SDWebImageDownloader.m in Sources */,
				18AF97B21BA9164A00723449 /* MKAnnotationView+WebCache.m in Sources */,
				18AF97B51BA9164A00723449 /* SDWebImageCompat.m in Sources */,
				18AF97BA1BA9164A00723449 /* SDWebImagePrefetcher.m in Sources */,
				18AF97C11BA9164A00723449 /* UIView+WebCacheOperation.m in Sources */,
				18AF97BD1BA9164A00723449 /* UIImage+MultiFormat.m in Sources */,
				18AF978B1BA915A400723449 /* ImageScrollView.m in Sources */,
				18AF977F1BA9013A00723449 /* FirstCell.m in Sources */,
				18AF97BB1BA9164A00723449 /* UIButton+WebCache.m in Sources */,
				18D152B21BA6AA9E00E0E88C /* main.m in Sources */,
				18AF97B41BA9164A00723449 /* SDImageCache.m in Sources */,
				18AF97831BA9016100723449 /* FirstFlowLayout.m in Sources */,
				1874C4DD1BA9525A007F1498 /* Temp3Controller.m in Sources */,
				18AF975E1BA8FA6800723449 /* ThirdController.m in Sources */,
				6E079B2D1BCE7BCB00915C0D /* FiveController.m in Sources */,
				18AF97581BA8FA5000723449 /* FirstController.m in Sources */,
				1874C4E21BA95265007F1498 /* Temp4Controller.m in Sources */,
				18AF97BC1BA9164A00723449 /* UIImage+GIF.m in Sources */,
				18AF97B31BA9164A00723449 /* NSData+ImageContentType.m in Sources */,
				18AF97BE1BA9164A00723449 /* UIImage+WebP.m in Sources */,
				1874C4D31BA95240007F1498 /* Temp1Controller.m in Sources */,
			);
			runOnlyForDeploymentPostprocessing = 0;
		};
		18D152C11BA6AA9E00E0E88C /* Sources */ = {
			isa = PBXSourcesBuildPhase;
			buildActionMask = 2147483647;
			files = (
				18D152CC1BA6AA9E00E0E88C /* PageTransitionsTests.m in Sources */,
			);
			runOnlyForDeploymentPostprocessing = 0;
		};
/* End PBXSourcesBuildPhase section */

/* Begin PBXTargetDependency section */
		18D152C71BA6AA9E00E0E88C /* PBXTargetDependency */ = {
			isa = PBXTargetDependency;
			target = 18D152AB1BA6AA9E00E0E88C /* PageTransitions */;
			targetProxy = 18D152C61BA6AA9E00E0E88C /* PBXContainerItemProxy */;
		};
/* End PBXTargetDependency section */

/* Begin PBXVariantGroup section */
		18D152B91BA6AA9E00E0E88C /* Main.storyboard */ = {
			isa = PBXVariantGroup;
			children = (
				18D152BA1BA6AA9E00E0E88C /* Base */,
			);
			name = Main.storyboard;
			sourceTree = "<group>";
		};
		18D152BE1BA6AA9E00E0E88C /* LaunchScreen.xib */ = {
			isa = PBXVariantGroup;
			children = (
				18D152BF1BA6AA9E00E0E88C /* Base */,
			);
			name = LaunchScreen.xib;
			sourceTree = "<group>";
		};
/* End PBXVariantGroup section */

/* Begin XCBuildConfiguration section */
		18D152CD1BA6AA9E00E0E88C /* Debug */ = {
			isa = XCBuildConfiguration;
			buildSettings = {
				ALWAYS_SEARCH_USER_PATHS = NO;
				CLANG_CXX_LANGUAGE_STANDARD = "gnu++0x";
				CLANG_CXX_LIBRARY = "libc++";
				CLANG_ENABLE_MODULES = YES;
				CLANG_ENABLE_OBJC_ARC = YES;
				CLANG_WARN_BOOL_CONVERSION = YES;
				CLANG_WARN_CONSTANT_CONVERSION = YES;
				CLANG_WARN_DIRECT_OBJC_ISA_USAGE = YES_ERROR;
				CLANG_WARN_EMPTY_BODY = YES;
				CLANG_WARN_ENUM_CONVERSION = YES;
				CLANG_WARN_INT_CONVERSION = YES;
				CLANG_WARN_OBJC_ROOT_CLASS = YES_ERROR;
				CLANG_WARN_UNREACHABLE_CODE = YES;
				CLANG_WARN__DUPLICATE_METHOD_MATCH = YES;
				"CODE_SIGN_IDENTITY[sdk=iphoneos*]" = "iPhone Developer";
				COPY_PHASE_STRIP = NO;
				DEBUG_INFORMATION_FORMAT = "dwarf-with-dsym";
				ENABLE_STRICT_OBJC_MSGSEND = YES;
				GCC_C_LANGUAGE_STANDARD = gnu99;
				GCC_DYNAMIC_NO_PIC = NO;
				GCC_NO_COMMON_BLOCKS = YES;
				GCC_OPTIMIZATION_LEVEL = 0;
				GCC_PREPROCESSOR_DEFINITIONS = (
					"DEBUG=1",
					"$(inherited)",
				);
				GCC_SYMBOLS_PRIVATE_EXTERN = NO;
				GCC_WARN_64_TO_32_BIT_CONVERSION = YES;
				GCC_WARN_ABOUT_RETURN_TYPE = YES_ERROR;
				GCC_WARN_UNDECLARED_SELECTOR = YES;
				GCC_WARN_UNINITIALIZED_AUTOS = YES_AGGRESSIVE;
				GCC_WARN_UNUSED_FUNCTION = YES;
				GCC_WARN_UNUSED_VARIABLE = YES;
				IPHONEOS_DEPLOYMENT_TARGET = 8.4;
				MTL_ENABLE_DEBUG_INFO = YES;
				ONLY_ACTIVE_ARCH = YES;
				SDKROOT = iphoneos;
				TARGETED_DEVICE_FAMILY = "1,2";
			};
			name = Debug;
		};
		18D152CE1BA6AA9E00E0E88C /* Release */ = {
			isa = XCBuildConfiguration;
			buildSettings = {
				ALWAYS_SEARCH_USER_PATHS = NO;
				CLANG_CXX_LANGUAGE_STANDARD = "gnu++0x";
				CLANG_CXX_LIBRARY = "libc++";
				CLANG_ENABLE_MODULES = YES;
				CLANG_ENABLE_OBJC_ARC = YES;
				CLANG_WARN_BOOL_CONVERSION = YES;
				CLANG_WARN_CONSTANT_CONVERSION = YES;
				CLANG_WARN_DIRECT_OBJC_ISA_USAGE = YES_ERROR;
				CLANG_WARN_EMPTY_BODY = YES;
				CLANG_WARN_ENUM_CONVERSION = YES;
				CLANG_WARN_INT_CONVERSION = YES;
				CLANG_WARN_OBJC_ROOT_CLASS = YES_ERROR;
				CLANG_WARN_UNREACHABLE_CODE = YES;
				CLANG_WARN__DUPLICATE_METHOD_MATCH = YES;
				"CODE_SIGN_IDENTITY[sdk=iphoneos*]" = "iPhone Developer";
				COPY_PHASE_STRIP = NO;
				DEBUG_INFORMATION_FORMAT = "dwarf-with-dsym";
				ENABLE_NS_ASSERTIONS = NO;
				ENABLE_STRICT_OBJC_MSGSEND = YES;
				GCC_C_LANGUAGE_STANDARD = gnu99;
				GCC_NO_COMMON_BLOCKS = YES;
				GCC_WARN_64_TO_32_BIT_CONVERSION = YES;
				GCC_WARN_ABOUT_RETURN_TYPE = YES_ERROR;
				GCC_WARN_UNDECLARED_SELECTOR = YES;
				GCC_WARN_UNINITIALIZED_AUTOS = YES_AGGRESSIVE;
				GCC_WARN_UNUSED_FUNCTION = YES;
				GCC_WARN_UNUSED_VARIABLE = YES;
				IPHONEOS_DEPLOYMENT_TARGET = 8.4;
				MTL_ENABLE_DEBUG_INFO = NO;
				SDKROOT = iphoneos;
				TARGETED_DEVICE_FAMILY = "1,2";
				VALIDATE_PRODUCT = YES;
			};
			name = Release;
		};
		18D152D01BA6AA9E00E0E88C /* Debug */ = {
			isa = XCBuildConfiguration;
			buildSettings = {
				ASSETCATALOG_COMPILER_APPICON_NAME = AppIcon;
				INFOPLIST_FILE = PageTransitions/Info.plist;
				LD_RUNPATH_SEARCH_PATHS = "$(inherited) @executable_path/Frameworks";
				PRODUCT_NAME = "$(TARGET_NAME)";
			};
			name = Debug;
		};
		18D152D11BA6AA9E00E0E88C /* Release */ = {
			isa = XCBuildConfiguration;
			buildSettings = {
				ASSETCATALOG_COMPILER_APPICON_NAME = AppIcon;
				INFOPLIST_FILE = PageTransitions/Info.plist;
				LD_RUNPATH_SEARCH_PATHS = "$(inherited) @executable_path/Frameworks";
				PRODUCT_NAME = "$(TARGET_NAME)";
			};
			name = Release;
		};
		18D152D31BA6AA9E00E0E88C /* Debug */ = {
			isa = XCBuildConfiguration;
			buildSettings = {
				BUNDLE_LOADER = "$(TEST_HOST)";
				FRAMEWORK_SEARCH_PATHS = (
					"$(SDKROOT)/Developer/Library/Frameworks",
					"$(inherited)",
				);
				GCC_PREPROCESSOR_DEFINITIONS = (
					"DEBUG=1",
					"$(inherited)",
				);
				INFOPLIST_FILE = PageTransitionsTests/Info.plist;
				LD_RUNPATH_SEARCH_PATHS = "$(inherited) @executable_path/Frameworks @loader_path/Frameworks";
				PRODUCT_NAME = "$(TARGET_NAME)";
				TEST_HOST = "$(BUILT_PRODUCTS_DIR)/PageTransitions.app/PageTransitions";
			};
			name = Debug;
		};
		18D152D41BA6AA9E00E0E88C /* Release */ = {
			isa = XCBuildConfiguration;
			buildSettings = {
				BUNDLE_LOADER = "$(TEST_HOST)";
				FRAMEWORK_SEARCH_PATHS = (
					"$(SDKROOT)/Developer/Library/Frameworks",
					"$(inherited)",
				);
				INFOPLIST_FILE = PageTransitionsTests/Info.plist;
				LD_RUNPATH_SEARCH_PATHS = "$(inherited) @executable_path/Frameworks @loader_path/Frameworks";
				PRODUCT_NAME = "$(TARGET_NAME)";
				TEST_HOST = "$(BUILT_PRODUCTS_DIR)/PageTransitions.app/PageTransitions";
			};
			name = Release;
		};
/* End XCBuildConfiguration section */

/* Begin XCConfigurationList section */
		18D152A71BA6AA9E00E0E88C /* Build configuration list for PBXProject "PageTransitions" */ = {
			isa = XCConfigurationList;
			buildConfigurations = (
				18D152CD1BA6AA9E00E0E88C /* Debug */,
				18D152CE1BA6AA9E00E0E88C /* Release */,
			);
			defaultConfigurationIsVisible = 0;
			defaultConfigurationName = Release;
		};
		18D152CF1BA6AA9E00E0E88C /* Build configuration list for PBXNativeTarget "PageTransitions" */ = {
			isa = XCConfigurationList;
			buildConfigurations = (
				18D152D01BA6AA9E00E0E88C /* Debug */,
				18D152D11BA6AA9E00E0E88C /* Release */,
			);
			defaultConfigurationIsVisible = 0;
			defaultConfigurationName = Release;
		};
		18D152D21BA6AA9E00E0E88C /* Build configuration list for PBXNativeTarget "PageTransitionsTests" */ = {
			isa = XCConfigurationList;
			buildConfigurations = (
				18D152D31BA6AA9E00E0E88C /* Debug */,
				18D152D41BA6AA9E00E0E88C /* Release */,
			);
			defaultConfigurationIsVisible = 0;
			defaultConfigurationName = Release;
		};
/* End XCConfigurationList section */
	};
	rootObject = 18D152A41BA6AA9E00E0E88C /* Project object */;
}
